
Microsoft Visual Studio Solution File, Format Version 12.00
# Visual Studio 15
VisualStudioVersion = 15.0.27130.2003
MinimumVisualStudioVersion = 10.0.40219.1
Project("{FAE04EC0-301F-11D3-BF4B-00C04F79EFBC}") = "RazorPageMovieMySQL", "RazorPageMovieMySQL\RazorPageMovieMySQL.csproj", "{1D32AB52-CB81-43DF-B0F2-496C9B5187DE}"
EndProject
Global
	GlobalSection(SolutionConfigurationPlatforms) = preSolution
		Debug|Any CPU = Debug|Any CPU
		Release|Any CPU = Release|Any CPU
	EndGlobalSection
	GlobalSection(ProjectConfigurationPlatforms) = postSolution
		{1D32AB52-CB81-43DF-B0F2-496C9B5187DE}.Debug|Any CPU.ActiveCfg = Debug|Any CPU
		{1D32AB52-CB81-43DF-B0F2-496C9B5187DE}.Debug|Any CPU.Build.0 = Debug|Any CPU
		{1D32AB52-CB81-43DF-B0F2-496C9B5187DE}.Release|Any CPU.ActiveCfg = Release|Any CPU
		{1D32AB52-CB81-43DF-B0F2-496C9B5187DE}.Release|Any CPU.Build.0 = Release|Any CPU
	EndGlobalSection
	GlobalSection(SolutionProperties) = preSolution
		HideSolutionNode = FALSE
	EndGlobalSection
	GlobalSection(ExtensibilityGlobals) = postSolution
		SolutionGuid = {B2FC3678-1AAB-41A4-AE1F-98AF05CCA355}
	EndGlobalSection
EndGlobal
